
Microsoft Visual Studio Solution File, Format Version 12.00
# Visual Studio 2017
Project("{FAE04EC0-301F-11D3-BF4B-00C04F79EFBC}") = "Demo NavMesh.Plugins", "Demo NavMesh.Plugins.csproj", "{68E1BE2A-661A-1283-2CDD-8C45AFCAF62F}"
EndProject
Project("{FAE04EC0-301F-11D3-BF4B-00C04F79EFBC}") = "Demo NavMesh", "Demo NavMesh.csproj", "{410F239D-91B3-0494-236F-40CD368A5EE8}"
EndProject
Project("{FAE04EC0-301F-11D3-BF4B-00C04F79EFBC}") = "Demo NavMesh.Editor.Plugins", "Demo NavMesh.Editor.Plugins.csproj", "{0F868D1A-39F3-6DAC-858A-702F71E0BDD5}"
EndProject
Global
	GlobalSection(SolutionConfigurationPlatforms) = preSolution
		Debug|Any CPU = Debug|Any CPU
		Release|Any CPU = Release|Any CPU
	EndGlobalSection
	GlobalSection(ProjectConfigurationPlatforms) = postSolution
		{68E1BE2A-661A-1283-2CDD-8C45AFCAF62F}.Debug|Any CPU.ActiveCfg = Debug|Any CPU
		{68E1BE2A-661A-1283-2CDD-8C45AFCAF62F}.Debug|Any CPU.Build.0 = Debug|Any CPU
		{68E1BE2A-661A-1283-2CDD-8C45AFCAF62F}.Release|Any CPU.ActiveCfg = Release|Any CPU
		{68E1BE2A-661A-1283-2CDD-8C45AFCAF62F}.Release|Any CPU.Build.0 = Release|Any CPU
		{410F239D-91B3-0494-236F-40CD368A5EE8}.Debug|Any CPU.ActiveCfg = Debug|Any CPU
		{410F239D-91B3-0494-236F-40CD368A5EE8}.Debug|Any CPU.Build.0 = Debug|Any CPU
		{410F239D-91B3-0494-236F-40CD368A5EE8}.Release|Any CPU.ActiveCfg = Release|Any CPU
		{410F239D-91B3-0494-236F-40CD368A5EE8}.Release|Any CPU.Build.0 = Release|Any CPU
		{0F868D1A-39F3-6DAC-858A-702F71E0BDD5}.Debug|Any CPU.ActiveCfg = Debug|Any CPU
		{0F868D1A-39F3-6DAC-858A-702F71E0BDD5}.Debug|Any CPU.Build.0 = Debug|Any CPU
		{0F868D1A-39F3-6DAC-858A-702F71E0BDD5}.Release|Any CPU.ActiveCfg = Release|Any CPU
		{0F868D1A-39F3-6DAC-858A-702F71E0BDD5}.Release|Any CPU.Build.0 = Release|Any CPU
	EndGlobalSection
	GlobalSection(SolutionProperties) = preSolution
		HideSolutionNode = FALSE
	EndGlobalSection
EndGlobal
